
Microsoft Visual Studio Solution File, Format Version 12.00
# Visual Studio Version 17
VisualStudioVersion = 17.13.35931.197 d17.13
MinimumVisualStudioVersion = 10.0.40219.1
Project("{FAE04EC0-301F-11D3-BF4B-00C04F79EFBC}") = "20250922_SüBranchAndMerge", "20250922_SüBranchAndMerge.csproj", "{514BED70-6C13-4DE3-9E3A-E098DD6528FF}"
EndProject
Global
	GlobalSection(SolutionConfigurationPlatforms) = preSolution
		Debug|Any CPU = Debug|Any CPU
		Release|Any CPU = Release|Any CPU
	EndGlobalSection
	GlobalSection(ProjectConfigurationPlatforms) = postSolution
		{514BED70-6C13-4DE3-9E3A-E098DD6528FF}.Debug|Any CPU.ActiveCfg = Debug|Any CPU
		{514BED70-6C13-4DE3-9E3A-E098DD6528FF}.Debug|Any CPU.Build.0 = Debug|Any CPU
		{514BED70-6C13-4DE3-9E3A-E098DD6528FF}.Release|Any CPU.ActiveCfg = Release|Any CPU
		{514BED70-6C13-4DE3-9E3A-E098DD6528FF}.Release|Any CPU.Build.0 = Release|Any CPU
	EndGlobalSection
	GlobalSection(SolutionProperties) = preSolution
		HideSolutionNode = FALSE
	EndGlobalSection
	GlobalSection(ExtensibilityGlobals) = postSolution
		SolutionGuid = {FC151E90-10BD-44F1-A17C-A78A3D00B64D}
	EndGlobalSection
EndGlobal
